
Microsoft Visual Studio Solution File, Format Version 12.00
# Visual Studio Version 17
VisualStudioVersion = 17.8.34330.188
MinimumVisualStudioVersion = 10.0.40219.1
Project("{FAE04EC0-301F-11D3-BF4B-00C04F79EFBC}") = "Bloggie.Web", "Bloggie.Web\Bloggie.Web.csproj", "{C8BD7B55-DB0A-4C95-A297-A3BFD229B2AE}"
EndProject
Global
	GlobalSection(SolutionConfigurationPlatforms) = preSolution
		Debug|Any CPU = Debug|Any CPU
		Release|Any CPU = Release|Any CPU
	EndGlobalSection
	GlobalSection(ProjectConfigurationPlatforms) = postSolution
		{C8BD7B55-DB0A-4C95-A297-A3BFD229B2AE}.Debug|Any CPU.ActiveCfg = Debug|Any CPU
		{C8BD7B55-DB0A-4C95-A297-A3BFD229B2AE}.Debug|Any CPU.Build.0 = Debug|Any CPU
		{C8BD7B55-DB0A-4C95-A297-A3BFD229B2AE}.Release|Any CPU.ActiveCfg = Release|Any CPU
		{C8BD7B55-DB0A-4C95-A297-A3BFD229B2AE}.Release|Any CPU.Build.0 = Release|Any CPU
	EndGlobalSection
	GlobalSection(SolutionProperties) = preSolution
		HideSolutionNode = FALSE
	EndGlobalSection
	GlobalSection(ExtensibilityGlobals) = postSolution
		SolutionGuid = {91C0F7A7-8426-4D86-9B06-0BB3CD01E5FB}
	EndGlobalSection
EndGlobal
